PODS:
  - Alamofire (5.2.0)
  - Merchant (0.1.1):
    - Merchant/Core (= 0.1.1)
  - Merchant/Core (0.1.1):
    - Alamofire (~> 5.0)
  - Merchant/Tests (0.1.1):
    - Mocker (~> 2.0.0)
  - Mocker (2.0.2)

DEPENDENCIES:
  - Merchant (from `../`)
  - Merchant/Tests (from `../`)

SPEC REPOS:
  trunk:
    - Alamofire
    - Mocker

EXTERNAL SOURCES:
  Merchant:
    :path: "../"

SPEC CHECKSUMS:
  Alamofire: c1ca147559e730bfb2182c8c7aafbdd90a867987
  Merchant: c95ff8b99ce9b6b1186d72b18aad1bb93c891832
  Mocker: 0f0e41a3d47868b42879d2aa177a16f9097a48a4

PODFILE CHECKSUM: 03d3cfed5b31501fa0c155160d5802ca64349d0c

COCOAPODS: 1.9.1
