{
  "object": {
    "pins": [
      {
        "package": "Alamofire",
        "repositoryURL": "https://github.com/Alamofire/Alamofire.git",
        "state": {
          "branch": null,
          "revision": "64dd16a5f2099dd5400f5e6d1442dc5ab0c1d917",
          "version": "5.2.0"
        }
      },
      {
        "package": "Mocker",
        "repositoryURL": "https://github.com/WeTransfer/Mocker.git",
        "state": {
          "branch": null,
          "revision": "c7cc3c9a4c086dc952bef6a1a16b60e1e2820f1b",
          "version": "2.1.0"
        }
      }
    ]
  },
  "version": 1
}
